
Microsoft Visual Studio Solution File, Format Version 12.00
# Visual Studio Version 17
VisualStudioVersion = 17.3.32819.101
MinimumVisualStudioVersion = 10.0.40219.1
Project("{9A19103F-16F7-4668-BE54-9A1E7A4F7556}") = "ServerApplication", "ServerApplication\ServerApplication.csproj", "{C350CE80-5523-48F6-B701-0C474263F5D8}"
EndProject
Project("{9A19103F-16F7-4668-BE54-9A1E7A4F7556}") = "ServerClientTests", "ServerClientTests\ServerClientTests.csproj", "{C6D0ADF2-DB80-47B8-878E-92F514E2695D}"
EndProject
Project("{9A19103F-16F7-4668-BE54-9A1E7A4F7556}") = "DoctorApplication", "DoctorApplication\DoctorApplication.csproj", "{4D6C920A-AFEC-4132-B515-67D0FE7C4C57}"
EndProject
Project("{9A19103F-16F7-4668-BE54-9A1E7A4F7556}") = "Shared", "Shared\Shared.csproj", "{819A466C-0FFD-40A6-84F5-E2773948C2EA}"
EndProject
Project("{FAE04EC0-301F-11D3-BF4B-00C04F79EFBC}") = "ClientApplication", "ClientApplication\ClientApplication.csproj", "{D8E450EB-F95E-433B-A07F-1DC5ABC48DC7}"
EndProject
Global
	GlobalSection(SolutionConfigurationPlatforms) = preSolution
		Debug|Any CPU = Debug|Any CPU
		Release|Any CPU = Release|Any CPU
	EndGlobalSection
	GlobalSection(ProjectConfigurationPlatforms) = postSolution
		{C350CE80-5523-48F6-B701-0C474263F5D8}.Debug|Any CPU.ActiveCfg = Debug|Any CPU
		{C350CE80-5523-48F6-B701-0C474263F5D8}.Debug|Any CPU.Build.0 = Debug|Any CPU
		{C350CE80-5523-48F6-B701-0C474263F5D8}.Release|Any CPU.ActiveCfg = Release|Any CPU
		{C350CE80-5523-48F6-B701-0C474263F5D8}.Release|Any CPU.Build.0 = Release|Any CPU
		{C6D0ADF2-DB80-47B8-878E-92F514E2695D}.Debug|Any CPU.ActiveCfg = Debug|Any CPU
		{C6D0ADF2-DB80-47B8-878E-92F514E2695D}.Debug|Any CPU.Build.0 = Debug|Any CPU
		{C6D0ADF2-DB80-47B8-878E-92F514E2695D}.Release|Any CPU.ActiveCfg = Release|Any CPU
		{C6D0ADF2-DB80-47B8-878E-92F514E2695D}.Release|Any CPU.Build.0 = Release|Any CPU
		{4D6C920A-AFEC-4132-B515-67D0FE7C4C57}.Debug|Any CPU.ActiveCfg = Debug|Any CPU
		{4D6C920A-AFEC-4132-B515-67D0FE7C4C57}.Debug|Any CPU.Build.0 = Debug|Any CPU
		{4D6C920A-AFEC-4132-B515-67D0FE7C4C57}.Release|Any CPU.ActiveCfg = Release|Any CPU
		{4D6C920A-AFEC-4132-B515-67D0FE7C4C57}.Release|Any CPU.Build.0 = Release|Any CPU
		{819A466C-0FFD-40A6-84F5-E2773948C2EA}.Debug|Any CPU.ActiveCfg = Debug|Any CPU
		{819A466C-0FFD-40A6-84F5-E2773948C2EA}.Debug|Any CPU.Build.0 = Debug|Any CPU
		{819A466C-0FFD-40A6-84F5-E2773948C2EA}.Release|Any CPU.ActiveCfg = Release|Any CPU
		{819A466C-0FFD-40A6-84F5-E2773948C2EA}.Release|Any CPU.Build.0 = Release|Any CPU
		{D8E450EB-F95E-433B-A07F-1DC5ABC48DC7}.Debug|Any CPU.ActiveCfg = Debug|Any CPU
		{D8E450EB-F95E-433B-A07F-1DC5ABC48DC7}.Debug|Any CPU.Build.0 = Debug|Any CPU
		{D8E450EB-F95E-433B-A07F-1DC5ABC48DC7}.Release|Any CPU.ActiveCfg = Release|Any CPU
		{D8E450EB-F95E-433B-A07F-1DC5ABC48DC7}.Release|Any CPU.Build.0 = Release|Any CPU
	EndGlobalSection
	GlobalSection(SolutionProperties) = preSolution
		HideSolutionNode = FALSE
	EndGlobalSection
	GlobalSection(ExtensibilityGlobals) = postSolution
		SolutionGuid = {B5AF3B19-4B66-4608-8C4B-9EB7FD1B789E}
	EndGlobalSection
EndGlobal
